
Microsoft Visual Studio Solution File, Format Version 12.00
# Visual Studio Version 17
VisualStudioVersion = 17.4.33213.308
MinimumVisualStudioVersion = 10.0.40219.1
Project("{9A19103F-16F7-4668-BE54-9A1E7A4F7556}") = "mvcprojectfinal", "mvcprojectfinal\mvcprojectfinal.csproj", "{FADA6CB5-DE00-47DB-ACE8-C1221A8F3AB4}"
EndProject
Project("{FAE04EC0-301F-11D3-BF4B-00C04F79EFBC}") = "unitTest2", "unitTest2\unitTest2.csproj", "{48573723-5159-4C29-AEB1-F4C6DC6297F8}"
EndProject
Global
	GlobalSection(SolutionConfigurationPlatforms) = preSolution
		Debug|Any CPU = Debug|Any CPU
		Release|Any CPU = Release|Any CPU
	EndGlobalSection
	GlobalSection(ProjectConfigurationPlatforms) = postSolution
		{FADA6CB5-DE00-47DB-ACE8-C1221A8F3AB4}.Debug|Any CPU.ActiveCfg = Debug|Any CPU
		{FADA6CB5-DE00-47DB-ACE8-C1221A8F3AB4}.Debug|Any CPU.Build.0 = Debug|Any CPU
		{FADA6CB5-DE00-47DB-ACE8-C1221A8F3AB4}.Release|Any CPU.ActiveCfg = Release|Any CPU
		{FADA6CB5-DE00-47DB-ACE8-C1221A8F3AB4}.Release|Any CPU.Build.0 = Release|Any CPU
		{48573723-5159-4C29-AEB1-F4C6DC6297F8}.Debug|Any CPU.ActiveCfg = Debug|Any CPU
		{48573723-5159-4C29-AEB1-F4C6DC6297F8}.Debug|Any CPU.Build.0 = Debug|Any CPU
		{48573723-5159-4C29-AEB1-F4C6DC6297F8}.Release|Any CPU.ActiveCfg = Release|Any CPU
		{48573723-5159-4C29-AEB1-F4C6DC6297F8}.Release|Any CPU.Build.0 = Release|Any CPU
	EndGlobalSection
	GlobalSection(SolutionProperties) = preSolution
		HideSolutionNode = FALSE
	EndGlobalSection
	GlobalSection(ExtensibilityGlobals) = postSolution
		SolutionGuid = {3297B4DB-4A21-496D-9403-38264D23DCCA}
	EndGlobalSection
EndGlobal
